
Microsoft Visual Studio Solution File, Format Version 11.00
# Visual Studio 2010
Project("{E24C65DC-7377-472B-9ABA-BC803B73C61A}") = "RTMINDIA", "RTMINDIA\", "{A5E239AC-6364-428B-80A4-8A745E8CCA3C}"
	ProjectSection(WebsiteProperties) = preProject
		TargetFrameworkMoniker = ".NETFramework,Version%3Dv4.0"
		ProjectReferences = "{9440AD84-D741-4980-B57D-C7F8B0246C04}|BAL.dll;{96F663E7-7C38-4E1F-88C2-E9129D1B121A}|DAL.dll;"
		Debug.AspNetCompiler.VirtualPath = "/RTMINDIA"
		Debug.AspNetCompiler.PhysicalPath = "RTMINDIA\"
		Debug.AspNetCompiler.TargetPath = "PrecompiledWeb\RTMINDIA\"
		Debug.AspNetCompiler.Updateable = "true"
		Debug.AspNetCompiler.ForceOverwrite = "true"
		Debug.AspNetCompiler.FixedNames = "false"
		Debug.AspNetCompiler.Debug = "True"
		Release.AspNetCompiler.VirtualPath = "/RTMINDIA"
		Release.AspNetCompiler.PhysicalPath = "RTMINDIA\"
		Release.AspNetCompiler.TargetPath = "PrecompiledWeb\RTMINDIA\"
		Release.AspNetCompiler.Updateable = "true"
		Release.AspNetCompiler.ForceOverwrite = "true"
		Release.AspNetCompiler.FixedNames = "false"
		Release.AspNetCompiler.Debug = "False"
		VWDPort = "53490"
	EndProjectSection
EndProject
Project("{FAE04EC0-301F-11D3-BF4B-00C04F79EFBC}") = "BAL", "BAL\BAL.csproj", "{9440AD84-D741-4980-B57D-C7F8B0246C04}"
EndProject
Project("{FAE04EC0-301F-11D3-BF4B-00C04F79EFBC}") = "DAL", "DAL\DAL.csproj", "{96F663E7-7C38-4E1F-88C2-E9129D1B121A}"
EndProject
Global
	GlobalSection(SolutionConfigurationPlatforms) = preSolution
		Debug|Any CPU = Debug|Any CPU
		Release|Any CPU = Release|Any CPU
	EndGlobalSection
	GlobalSection(ProjectConfigurationPlatforms) = postSolution
		{A5E239AC-6364-428B-80A4-8A745E8CCA3C}.Debug|Any CPU.ActiveCfg = Debug|Any CPU
		{A5E239AC-6364-428B-80A4-8A745E8CCA3C}.Debug|Any CPU.Build.0 = Debug|Any CPU
		{A5E239AC-6364-428B-80A4-8A745E8CCA3C}.Release|Any CPU.ActiveCfg = Debug|Any CPU
		{A5E239AC-6364-428B-80A4-8A745E8CCA3C}.Release|Any CPU.Build.0 = Debug|Any CPU
		{9440AD84-D741-4980-B57D-C7F8B0246C04}.Debug|Any CPU.ActiveCfg = Debug|Any CPU
		{9440AD84-D741-4980-B57D-C7F8B0246C04}.Debug|Any CPU.Build.0 = Debug|Any CPU
		{9440AD84-D741-4980-B57D-C7F8B0246C04}.Release|Any CPU.ActiveCfg = Release|Any CPU
		{9440AD84-D741-4980-B57D-C7F8B0246C04}.Release|Any CPU.Build.0 = Release|Any CPU
		{96F663E7-7C38-4E1F-88C2-E9129D1B121A}.Debug|Any CPU.ActiveCfg = Debug|Any CPU
		{96F663E7-7C38-4E1F-88C2-E9129D1B121A}.Debug|Any CPU.Build.0 = Debug|Any CPU
		{96F663E7-7C38-4E1F-88C2-E9129D1B121A}.Release|Any CPU.ActiveCfg = Release|Any CPU
		{96F663E7-7C38-4E1F-88C2-E9129D1B121A}.Release|Any CPU.Build.0 = Release|Any CPU
	EndGlobalSection
	GlobalSection(SolutionProperties) = preSolution
		HideSolutionNode = FALSE
	EndGlobalSection
EndGlobal
